
Microsoft Visual Studio Solution File, Format Version 12.00
# Visual Studio Version 16
VisualStudioVersion = 16.0.30225.117
MinimumVisualStudioVersion = 10.0.40219.1
Project("{FAE04EC0-301F-11D3-BF4B-00C04F79EFBC}") = "BITServicesWebAppv1.1", "BITServicesWebAppv1.1\BITServicesWebAppv1.1.csproj", "{71795748-2917-4A2C-812B-0E0BD11BEAE6}"
EndProject
Global
	GlobalSection(SolutionConfigurationPlatforms) = preSolution
		Debug|Any CPU = Debug|Any CPU
		Release|Any CPU = Release|Any CPU
	EndGlobalSection
	GlobalSection(ProjectConfigurationPlatforms) = postSolution
		{71795748-2917-4A2C-812B-0E0BD11BEAE6}.Debug|Any CPU.ActiveCfg = Debug|Any CPU
		{71795748-2917-4A2C-812B-0E0BD11BEAE6}.Debug|Any CPU.Build.0 = Debug|Any CPU
		{71795748-2917-4A2C-812B-0E0BD11BEAE6}.Release|Any CPU.ActiveCfg = Release|Any CPU
		{71795748-2917-4A2C-812B-0E0BD11BEAE6}.Release|Any CPU.Build.0 = Release|Any CPU
	EndGlobalSection
	GlobalSection(SolutionProperties) = preSolution
		HideSolutionNode = FALSE
	EndGlobalSection
	GlobalSection(ExtensibilityGlobals) = postSolution
		SolutionGuid = {6575AE44-EAA2-45CE-ADD5-35406FFED97F}
	EndGlobalSection
EndGlobal
